// !$*UTF8*$!
{
	archiveVersion = 1;
	classes = {
	};
	objectVersion = 53;
	objects = {

/* Begin PBXBuildFile section */
		BD0B9AA624CE17B200D0EF96 /* AppDelegate.swift in Sources */ = {isa = PBXBuildFile; fileRef = BD0B9AA524CE17B200D0EF96 /* AppDelegate.swift */; };
		BD0B9AA824CE17B200D0EF96 /* ViewController.swift in Sources */ = {isa = PBXBuildFile; fileRef = BD0B9AA724CE17B200D0EF96 /* ViewController.swift */; };
		BD0B9AAA24CE17B300D0EF96 /* Assets.xcassets in Resources */ = {isa = PBXBuildFile; fileRef = BD0B9AA924CE17B300D0EF96 /* Assets.xcassets */; };
		BD0B9AAD24CE17B300D0EF96 /* Main.storyboard in Resources */ = {isa = PBXBuildFile; fileRef = BD0B9AAB24CE17B300D0EF96 /* Main.storyboard */; };
		BD5E709B24D7A03D00CC6752 /* TODO.txt in Resources */ = {isa = PBXBuildFile; fileRef = BD5E709A24D7A03D00CC6752 /* TODO.txt */; };
		BD9BA4E624D876B2004E2AC4 /* cli.swift in Sources */ = {isa = PBXBuildFile; fileRef = OBJ_10 /* cli.swift */; };
		BD9BA4E724D876B2004E2AC4 /* coordinate+extension.swift in Sources */ = {isa = PBXBuildFile; fileRef = OBJ_11 /* coordinate+extension.swift */; };
		BD9BA4E824D876B2004E2AC4 /* coordinate.swift in Sources */ = {isa = PBXBuildFile; fileRef = OBJ_12 /* coordinate.swift */; };
		BD9BA4E924D876B2004E2AC4 /* errors.swift in Sources */ = {isa = PBXBuildFile; fileRef = OBJ_13 /* errors.swift */; };
		BD9BA4EB24D876B2004E2AC4 /* notification.swift in Sources */ = {isa = PBXBuildFile; fileRef = OBJ_15 /* notification.swift */; };
		BD9BA4EC24D876B2004E2AC4 /* query.swift in Sources */ = {isa = PBXBuildFile; fileRef = OBJ_16 /* query.swift */; };
		BD9BA4ED24D876B2004E2AC4 /* result.swift in Sources */ = {isa = PBXBuildFile; fileRef = OBJ_17 /* result.swift */; };
		BD9BA4EE24D876B2004E2AC4 /* simulators.swift in Sources */ = {isa = PBXBuildFile; fileRef = OBJ_18 /* simulators.swift */; };
		BD9BA4EF24D876B2004E2AC4 /* stderr.swift in Sources */ = {isa = PBXBuildFile; fileRef = OBJ_19 /* stderr.swift */; };
		OBJ_34 /* cli.swift in Sources */ = {isa = PBXBuildFile; fileRef = OBJ_10 /* cli.swift */; };
		OBJ_35 /* coordinate+extension.swift in Sources */ = {isa = PBXBuildFile; fileRef = OBJ_11 /* coordinate+extension.swift */; };
		OBJ_36 /* coordinate.swift in Sources */ = {isa = PBXBuildFile; fileRef = OBJ_12 /* coordinate.swift */; };
		OBJ_37 /* errors.swift in Sources */ = {isa = PBXBuildFile; fileRef = OBJ_13 /* errors.swift */; };
		OBJ_38 /* main.swift in Sources */ = {isa = PBXBuildFile; fileRef = OBJ_14 /* main.swift */; };
		OBJ_39 /* notification.swift in Sources */ = {isa = PBXBuildFile; fileRef = OBJ_15 /* notification.swift */; };
		OBJ_40 /* query.swift in Sources */ = {isa = PBXBuildFile; fileRef = OBJ_16 /* query.swift */; };
		OBJ_41 /* result.swift in Sources */ = {isa = PBXBuildFile; fileRef = OBJ_17 /* result.swift */; };
		OBJ_42 /* simulators.swift in Sources */ = {isa = PBXBuildFile; fileRef = OBJ_18 /* simulators.swift */; };
		OBJ_43 /* stderr.swift in Sources */ = {isa = PBXBuildFile; fileRef = OBJ_19 /* stderr.swift */; };
		OBJ_50 /* Package.swift in Sources */ = {isa = PBXBuildFile; fileRef = OBJ_6 /* Package.swift */; };
/* End PBXBuildFile section */

/* Begin PBXCopyFilesBuildPhase section */
		BDBB2BBE24CFC538008F1E68 /* Embed App Extensions */ = {
			isa = PBXCopyFilesBuildPhase;
			buildActionMask = 2147483647;
			dstPath = "";
			dstSubfolderSpec = 13;
			files = (
			);
			name = "Embed App Extensions";
			runOnlyForDeploymentPostprocessing = 0;
		};
/* End PBXCopyFilesBuildPhase section */

/* Begin PBXFileReference section */
		BD0B9AA324CE17B200D0EF96 /* Trip Simulator.app */ = {isa = PBXFileReference; explicitFileType = wrapper.application; includeInIndex = 0; path = "Trip Simulator.app"; sourceTree = BUILT_PRODUCTS_DIR; };
		BD0B9AA524CE17B200D0EF96 /* AppDelegate.swift */ = {isa = PBXFileReference; lastKnownFileType = sourcecode.swift; path = AppDelegate.swift; sourceTree = "<group>"; };
		BD0B9AA724CE17B200D0EF96 /* ViewController.swift */ = {isa = PBXFileReference; lastKnownFileType = sourcecode.swift; path = ViewController.swift; sourceTree = "<group>"; };
		BD0B9AA924CE17B300D0EF96 /* Assets.xcassets */ = {isa = PBXFileReference; lastKnownFileType = folder.assetcatalog; path = Assets.xcassets; sourceTree = "<group>"; };
		BD0B9AAC24CE17B300D0EF96 /* Base */ = {isa = PBXFileReference; lastKnownFileType = file.storyboard; name = Base; path = Base.lproj/Main.storyboard; sourceTree = "<group>"; };
		BD0B9AAE24CE17B300D0EF96 /* Info.plist */ = {isa = PBXFileReference; lastKnownFileType = text.plist.xml; path = Info.plist; sourceTree = "<group>"; };
		BD0B9AAF24CE17B300D0EF96 /* Trip_Simulator.entitlements */ = {isa = PBXFileReference; lastKnownFileType = text.plist.entitlements; path = Trip_Simulator.entitlements; sourceTree = "<group>"; };
		BD5E709A24D7A03D00CC6752 /* TODO.txt */ = {isa = PBXFileReference; lastKnownFileType = text; path = TODO.txt; sourceTree = "<group>"; };
		OBJ_10 /* cli.swift */ = {isa = PBXFileReference; lastKnownFileType = sourcecode.swift; path = cli.swift; sourceTree = "<group>"; };
		OBJ_11 /* coordinate+extension.swift */ = {isa = PBXFileReference; lastKnownFileType = sourcecode.swift; path = "coordinate+extension.swift"; sourceTree = "<group>"; };
		OBJ_12 /* coordinate.swift */ = {isa = PBXFileReference; lastKnownFileType = sourcecode.swift; path = coordinate.swift; sourceTree = "<group>"; };
		OBJ_13 /* errors.swift */ = {isa = PBXFileReference; lastKnownFileType = sourcecode.swift; path = errors.swift; sourceTree = "<group>"; };
		OBJ_14 /* main.swift */ = {isa = PBXFileReference; lastKnownFileType = sourcecode.swift; path = main.swift; sourceTree = "<group>"; };
		OBJ_15 /* notification.swift */ = {isa = PBXFileReference; lastKnownFileType = sourcecode.swift; path = notification.swift; sourceTree = "<group>"; };
		OBJ_16 /* query.swift */ = {isa = PBXFileReference; lastKnownFileType = sourcecode.swift; path = query.swift; sourceTree = "<group>"; };
		OBJ_17 /* result.swift */ = {isa = PBXFileReference; lastKnownFileType = sourcecode.swift; path = result.swift; sourceTree = "<group>"; };
		OBJ_18 /* simulators.swift */ = {isa = PBXFileReference; lastKnownFileType = sourcecode.swift; path = simulators.swift; sourceTree = "<group>"; };
		OBJ_19 /* stderr.swift */ = {isa = PBXFileReference; lastKnownFileType = sourcecode.swift; path = stderr.swift; sourceTree = "<group>"; };
		OBJ_23 /* sources */ = {isa = PBXFileReference; lastKnownFileType = folder; path = sources; sourceTree = SOURCE_ROOT; };
		OBJ_24 /* xcodeproj.xcconfig */ = {isa = PBXFileReference; lastKnownFileType = text.xcconfig; path = xcodeproj.xcconfig; sourceTree = "<group>"; };
		OBJ_25 /* LICENSE */ = {isa = PBXFileReference; lastKnownFileType = text; path = LICENSE; sourceTree = "<group>"; };
		OBJ_26 /* Makefile */ = {isa = PBXFileReference; lastKnownFileType = sourcecode.make; path = Makefile; sourceTree = "<group>"; };
		OBJ_27 /* README.md */ = {isa = PBXFileReference; lastKnownFileType = net.daringfireball.markdown; path = README.md; sourceTree = "<group>"; };
		OBJ_28 /* CONTRIBUTING.md */ = {isa = PBXFileReference; lastKnownFileType = net.daringfireball.markdown; path = CONTRIBUTING.md; sourceTree = "<group>"; };
		OBJ_6 /* Package.swift */ = {isa = PBXFileReference; explicitFileType = sourcecode.swift; path = Package.swift; sourceTree = "<group>"; };
		OBJ_8 /* xcodeproj.xcconfig */ = {isa = PBXFileReference; lastKnownFileType = text.xcconfig; path = xcodeproj.xcconfig; sourceTree = "<group>"; };
		"set-simulator-location::set-simulator-location::Product" /* set-simulator-location */ = {isa = PBXFileReference; explicitFileType = "compiled.mach-o.executable"; path = "set-simulator-location"; sourceTree = BUILT_PRODUCTS_DIR; };
/* End PBXFileReference section */

/* Begin PBXFrameworksBuildPhase section */
		BD0B9AA024CE17B200D0EF96 /* Frameworks */ = {
			isa = PBXFrameworksBuildPhase;
			buildActionMask = 2147483647;
			files = (
			);
			runOnlyForDeploymentPostprocessing = 0;
		};
		OBJ_44 /* Frameworks */ = {
			isa = PBXFrameworksBuildPhase;
			buildActionMask = 0;
			files = (
			);
			runOnlyForDeploymentPostprocessing = 0;
		};
/* End PBXFrameworksBuildPhase section */

/* Begin PBXGroup section */
		BD0B9AA424CE17B200D0EF96 /* Trip Simulator */ = {
			isa = PBXGroup;
			children = (
				BD0B9AA524CE17B200D0EF96 /* AppDelegate.swift */,
				BD0B9AA724CE17B200D0EF96 /* ViewController.swift */,
				BD0B9AA924CE17B300D0EF96 /* Assets.xcassets */,
				BD0B9AAB24CE17B300D0EF96 /* Main.storyboard */,
				BD0B9AAE24CE17B300D0EF96 /* Info.plist */,
				BD0B9AAF24CE17B300D0EF96 /* Trip_Simulator.entitlements */,
				BD5E709A24D7A03D00CC6752 /* TODO.txt */,
			);
			path = "Trip Simulator";
			sourceTree = "<group>";
		};
		OBJ_20 /* Tests */ = {
			isa = PBXGroup;
			children = (
			);
			name = Tests;
			sourceTree = SOURCE_ROOT;
		};
		OBJ_21 /* Products */ = {
			isa = PBXGroup;
			children = (
				"set-simulator-location::set-simulator-location::Product" /* set-simulator-location */,
				BD0B9AA324CE17B200D0EF96 /* Trip Simulator.app */,
			);
			name = Products;
			sourceTree = BUILT_PRODUCTS_DIR;
		};
		OBJ_5 = {
			isa = PBXGroup;
			children = (
				OBJ_6 /* Package.swift */,
				OBJ_7 /* Configs */,
				OBJ_9 /* Sources */,
				OBJ_20 /* Tests */,
				BD0B9AA424CE17B200D0EF96 /* Trip Simulator */,
				OBJ_21 /* Products */,
				OBJ_23 /* sources */,
				OBJ_24 /* xcodeproj.xcconfig */,
				OBJ_25 /* LICENSE */,
				OBJ_26 /* Makefile */,
				OBJ_27 /* README.md */,
				OBJ_28 /* CONTRIBUTING.md */,
			);
			sourceTree = "<group>";
		};
		OBJ_7 /* Configs */ = {
			isa = PBXGroup;
			children = (
				OBJ_8 /* xcodeproj.xcconfig */,
			);
			name = Configs;
			sourceTree = "<group>";
		};
		OBJ_9 /* Sources */ = {
			isa = PBXGroup;
			children = (
				OBJ_10 /* cli.swift */,
				OBJ_11 /* coordinate+extension.swift */,
				OBJ_12 /* coordinate.swift */,
				OBJ_13 /* errors.swift */,
				OBJ_14 /* main.swift */,
				OBJ_15 /* notification.swift */,
				OBJ_16 /* query.swift */,
				OBJ_17 /* result.swift */,
				OBJ_18 /* simulators.swift */,
				OBJ_19 /* stderr.swift */,
			);
			name = Sources;
			path = sources;
			sourceTree = SOURCE_ROOT;
		};
/* End PBXGroup section */

/* Begin PBXNativeTarget section */
		BD0B9AA224CE17B200D0EF96 /* Trip Simulator */ = {
			isa = PBXNativeTarget;
			buildConfigurationList = BD0B9AB224CE17B300D0EF96 /* Build configuration list for PBXNativeTarget "Trip Simulator" */;
			buildPhases = (
				BD0B9A9F24CE17B200D0EF96 /* Sources */,
				BD0B9AA024CE17B200D0EF96 /* Frameworks */,
				BD0B9AA124CE17B200D0EF96 /* Resources */,
				BDBB2BBE24CFC538008F1E68 /* Embed App Extensions */,
			);
			buildRules = (
			);
			dependencies = (
			);
			name = "Trip Simulator";
			productName = "Trip Simulator";
			productReference = BD0B9AA324CE17B200D0EF96 /* Trip Simulator.app */;
			productType = "com.apple.product-type.application";
		};
		"set-simulator-location::SwiftPMPackageDescription" /* set-simulator-locationPackageDescription */ = {
			isa = PBXNativeTarget;
			buildConfigurationList = OBJ_46 /* Build configuration list for PBXNativeTarget "set-simulator-locationPackageDescription" */;
			buildPhases = (
				OBJ_49 /* Sources */,
			);
			buildRules = (
			);
			dependencies = (
			);
			name = "set-simulator-locationPackageDescription";
			productName = "set-simulator-locationPackageDescription";
			productType = "com.apple.product-type.framework";
		};
		"set-simulator-location::set-simulator-location" /* set-simulator-location */ = {
			isa = PBXNativeTarget;
			buildConfigurationList = OBJ_30 /* Build configuration list for PBXNativeTarget "set-simulator-location" */;
			buildPhases = (
				OBJ_33 /* Sources */,
				OBJ_44 /* Frameworks */,
			);
			buildRules = (
			);
			dependencies = (
			);
			name = "set-simulator-location";
			productName = set_simulator_location;
			productReference = "set-simulator-location::set-simulator-location::Product" /* set-simulator-location */;
			productType = "com.apple.product-type.tool";
		};
/* End PBXNativeTarget section */

/* Begin PBXProject section */
		OBJ_1 /* Project object */ = {
			isa = PBXProject;
			attributes = {
				LastSwiftMigration = 9999;
				LastSwiftUpdateCheck = 1200;
				LastUpgradeCheck = 1200;
				TargetAttributes = {
					BD0B9AA224CE17B200D0EF96 = {
						CreatedOnToolsVersion = 11.6;
						LastSwiftMigration = 1160;
					};
				};
			};
			buildConfigurationList = OBJ_2 /* Build configuration list for PBXProject "Trip Simulator" */;
			compatibilityVersion = "Xcode 11.4";
			developmentRegion = en;
			hasScannedForEncodings = 0;
			knownRegions = (
				en,
				Base,
			);
			mainGroup = OBJ_5;
			productRefGroup = OBJ_21 /* Products */;
			projectDirPath = "";
			projectRoot = "";
			targets = (
				"set-simulator-location::set-simulator-location" /* set-simulator-location */,
				"set-simulator-location::SwiftPMPackageDescription" /* set-simulator-locationPackageDescription */,
				BD0B9AA224CE17B200D0EF96 /* Trip Simulator */,
			);
		};
/* End PBXProject section */

/* Begin PBXResourcesBuildPhase section */
		BD0B9AA124CE17B200D0EF96 /* Resources */ = {
			isa = PBXResourcesBuildPhase;
			buildActionMask = 2147483647;
			files = (
				BD0B9AAA24CE17B300D0EF96 /* Assets.xcassets in Resources */,
				BD0B9AAD24CE17B300D0EF96 /* Main.storyboard in Resources */,
				BD5E709B24D7A03D00CC6752 /* TODO.txt in Resources */,
			);
			runOnlyForDeploymentPostprocessing = 0;
		};
/* End PBXResourcesBuildPhase section */

/* Begin PBXSourcesBuildPhase section */
		BD0B9A9F24CE17B200D0EF96 /* Sources */ = {
			isa = PBXSourcesBuildPhase;
			buildActionMask = 2147483647;
			files = (
				BD9BA4E624D876B2004E2AC4 /* cli.swift in Sources */,
				BD9BA4E724D876B2004E2AC4 /* coordinate+extension.swift in Sources */,
				BD9BA4E824D876B2004E2AC4 /* coordinate.swift in Sources */,
				BD9BA4E924D876B2004E2AC4 /* errors.swift in Sources */,
				BD9BA4EB24D876B2004E2AC4 /* notification.swift in Sources */,
				BD9BA4EC24D876B2004E2AC4 /* query.swift in Sources */,
				BD9BA4ED24D876B2004E2AC4 /* result.swift in Sources */,
				BD9BA4EE24D876B2004E2AC4 /* simulators.swift in Sources */,
				BD9BA4EF24D876B2004E2AC4 /* stderr.swift in Sources */,
				BD0B9AA824CE17B200D0EF96 /* ViewController.swift in Sources */,
				BD0B9AA624CE17B200D0EF96 /* AppDelegate.swift in Sources */,
			);
			runOnlyForDeploymentPostprocessing = 0;
		};
		OBJ_33 /* Sources */ = {
			isa = PBXSourcesBuildPhase;
			buildActionMask = 0;
			files = (
				OBJ_34 /* cli.swift in Sources */,
				OBJ_35 /* coordinate+extension.swift in Sources */,
				OBJ_36 /* coordinate.swift in Sources */,
				OBJ_37 /* errors.swift in Sources */,
				OBJ_38 /* main.swift in Sources */,
				OBJ_39 /* notification.swift in Sources */,
				OBJ_40 /* query.swift in Sources */,
				OBJ_41 /* result.swift in Sources */,
				OBJ_42 /* simulators.swift in Sources */,
				OBJ_43 /* stderr.swift in Sources */,
			);
			runOnlyForDeploymentPostprocessing = 0;
		};
		OBJ_49 /* Sources */ = {
			isa = PBXSourcesBuildPhase;
			buildActionMask = 0;
			files = (
				OBJ_50 /* Package.swift in Sources */,
			);
			runOnlyForDeploymentPostprocessing = 0;
		};
/* End PBXSourcesBuildPhase section */

/* Begin PBXVariantGroup section */
		BD0B9AAB24CE17B300D0EF96 /* Main.storyboard */ = {
			isa = PBXVariantGroup;
			children = (
				BD0B9AAC24CE17B300D0EF96 /* Base */,
			);
			name = Main.storyboard;
			sourceTree = "<group>";
		};
/* End PBXVariantGroup section */

/* Begin XCBuildConfiguration section */
		BD0B9AB024CE17B300D0EF96 /* Debug */ = {
			isa = XCBuildConfiguration;
			buildSettings = {
				ALWAYS_EMBED_SWIFT_STANDARD_LIBRARIES = YES;
				ALWAYS_SEARCH_USER_PATHS = NO;
				ASSETCATALOG_COMPILER_APPICON_NAME = AppIcon;
				CLANG_ANALYZER_NONNULL = YES;
				CLANG_ANALYZER_NUMBER_OBJECT_CONVERSION = YES_AGGRESSIVE;
				CLANG_CXX_LANGUAGE_STANDARD = "gnu++14";
				CLANG_CXX_LIBRARY = "libc++";
				CLANG_ENABLE_MODULES = YES;
				CLANG_ENABLE_OBJC_WEAK = YES;
				CLANG_WARN_BLOCK_CAPTURE_AUTORELEASING = YES;
				CLANG_WARN_BOOL_CONVERSION = YES;
				CLANG_WARN_COMMA = YES;
				CLANG_WARN_CONSTANT_CONVERSION = YES;
				CLANG_WARN_DEPRECATED_OBJC_IMPLEMENTATIONS = YES;
				CLANG_WARN_DIRECT_OBJC_ISA_USAGE = YES_ERROR;
				CLANG_WARN_DOCUMENTATION_COMMENTS = YES;
				CLANG_WARN_EMPTY_BODY = YES;
				CLANG_WARN_ENUM_CONVERSION = YES;
				CLANG_WARN_INFINITE_RECURSION = YES;
				CLANG_WARN_INT_CONVERSION = YES;
				CLANG_WARN_NON_LITERAL_NULL_CONVERSION = YES;
				CLANG_WARN_OBJC_IMPLICIT_RETAIN_SELF = YES;
				CLANG_WARN_OBJC_LITERAL_CONVERSION = YES;
				CLANG_WARN_OBJC_ROOT_CLASS = YES_ERROR;
				CLANG_WARN_RANGE_LOOP_ANALYSIS = YES;
				CLANG_WARN_STRICT_PROTOTYPES = YES;
				CLANG_WARN_SUSPICIOUS_MOVE = YES;
				CLANG_WARN_UNGUARDED_AVAILABILITY = YES_AGGRESSIVE;
				CLANG_WARN_UNREACHABLE_CODE = YES;
				CLANG_WARN__DUPLICATE_METHOD_MATCH = YES;
				CODE_SIGN_ENTITLEMENTS = "Trip Simulator/Trip_Simulator.entitlements";
				CODE_SIGN_IDENTITY = "-";
				CODE_SIGN_STYLE = Automatic;
				COMBINE_HIDPI_IMAGES = YES;
				CURRENT_PROJECT_VERSION = 2;
				DEVELOPMENT_TEAM = F6X27PB5BH;
				ENABLE_HARDENED_RUNTIME = YES;
				ENABLE_STRICT_OBJC_MSGSEND = YES;
				ENABLE_TESTABILITY = YES;
				GCC_C_LANGUAGE_STANDARD = gnu11;
				GCC_DYNAMIC_NO_PIC = NO;
				GCC_NO_COMMON_BLOCKS = YES;
				GCC_PREPROCESSOR_DEFINITIONS = (
					"DEBUG=1",
					"$(inherited)",
				);
				GCC_WARN_64_TO_32_BIT_CONVERSION = YES;
				GCC_WARN_ABOUT_RETURN_TYPE = YES_ERROR;
				GCC_WARN_UNDECLARED_SELECTOR = YES;
				GCC_WARN_UNINITIALIZED_AUTOS = YES_AGGRESSIVE;
				GCC_WARN_UNUSED_FUNCTION = YES;
				GCC_WARN_UNUSED_VARIABLE = YES;
				INFOPLIST_FILE = "Trip Simulator/Info.plist";
				LD_RUNPATH_SEARCH_PATHS = (
					"$(inherited)",
					"@executable_path/../Frameworks",
				);
				MACOSX_DEPLOYMENT_TARGET = 10.15;
				MARKETING_VERSION = 1.0.1;
				MTL_ENABLE_DEBUG_INFO = INCLUDE_SOURCE;
				MTL_FAST_MATH = YES;
				PRODUCT_BUNDLE_IDENTIFIER = "com.evergreenlabs.Trip-Simulator";
				PRODUCT_NAME = "$(TARGET_NAME)";
				SWIFT_ACTIVE_COMPILATION_CONDITIONS = DEBUG;
				SWIFT_OPTIMIZATION_LEVEL = "-Onone";
				SWIFT_VERSION = 5.0;
			};
			name = Debug;
		};
		BD0B9AB124CE17B300D0EF96 /* Release */ = {
			isa = XCBuildConfiguration;
			buildSettings = {
				ALWAYS_EMBED_SWIFT_STANDARD_LIBRARIES = YES;
				ALWAYS_SEARCH_USER_PATHS = NO;
				ASSETCATALOG_COMPILER_APPICON_NAME = AppIcon;
				CLANG_ANALYZER_NONNULL = YES;
				CLANG_ANALYZER_NUMBER_OBJECT_CONVERSION = YES_AGGRESSIVE;
				CLANG_CXX_LANGUAGE_STANDARD = "gnu++14";
				CLANG_CXX_LIBRARY = "libc++";
				CLANG_ENABLE_MODULES = YES;
				CLANG_ENABLE_OBJC_WEAK = YES;
				CLANG_WARN_BLOCK_CAPTURE_AUTORELEASING = YES;
				CLANG_WARN_BOOL_CONVERSION = YES;
				CLANG_WARN_COMMA = YES;
				CLANG_WARN_CONSTANT_CONVERSION = YES;
				CLANG_WARN_DEPRECATED_OBJC_IMPLEMENTATIONS = YES;
				CLANG_WARN_DIRECT_OBJC_ISA_USAGE = YES_ERROR;
				CLANG_WARN_DOCUMENTATION_COMMENTS = YES;
				CLANG_WARN_EMPTY_BODY = YES;
				CLANG_WARN_ENUM_CONVERSION = YES;
				CLANG_WARN_INFINITE_RECURSION = YES;
				CLANG_WARN_INT_CONVERSION = YES;
				CLANG_WARN_NON_LITERAL_NULL_CONVERSION = YES;
				CLANG_WARN_OBJC_IMPLICIT_RETAIN_SELF = YES;
				CLANG_WARN_OBJC_LITERAL_CONVERSION = YES;
				CLANG_WARN_OBJC_ROOT_CLASS = YES_ERROR;
				CLANG_WARN_RANGE_LOOP_ANALYSIS = YES;
				CLANG_WARN_STRICT_PROTOTYPES = YES;
				CLANG_WARN_SUSPICIOUS_MOVE = YES;
				CLANG_WARN_UNGUARDED_AVAILABILITY = YES_AGGRESSIVE;
				CLANG_WARN_UNREACHABLE_CODE = YES;
				CLANG_WARN__DUPLICATE_METHOD_MATCH = YES;
				CODE_SIGN_ENTITLEMENTS = "Trip Simulator/Trip_Simulator.entitlements";
				CODE_SIGN_IDENTITY = "-";
				CODE_SIGN_STYLE = Automatic;
				COMBINE_HIDPI_IMAGES = YES;
				COPY_PHASE_STRIP = NO;
				CURRENT_PROJECT_VERSION = 2;
				DEVELOPMENT_TEAM = F6X27PB5BH;
				ENABLE_HARDENED_RUNTIME = YES;
				ENABLE_NS_ASSERTIONS = NO;
				ENABLE_STRICT_OBJC_MSGSEND = YES;
				GCC_C_LANGUAGE_STANDARD = gnu11;
				GCC_NO_COMMON_BLOCKS = YES;
				GCC_WARN_64_TO_32_BIT_CONVERSION = YES;
				GCC_WARN_ABOUT_RETURN_TYPE = YES_ERROR;
				GCC_WARN_UNDECLARED_SELECTOR = YES;
				GCC_WARN_UNINITIALIZED_AUTOS = YES_AGGRESSIVE;
				GCC_WARN_UNUSED_FUNCTION = YES;
				GCC_WARN_UNUSED_VARIABLE = YES;
				INFOPLIST_FILE = "Trip Simulator/Info.plist";
				LD_RUNPATH_SEARCH_PATHS = (
					"$(inherited)",
					"@executable_path/../Frameworks",
				);
				MACOSX_DEPLOYMENT_TARGET = 10.15;
				MARKETING_VERSION = 1.0.1;
				MTL_ENABLE_DEBUG_INFO = NO;
				MTL_FAST_MATH = YES;
				PRODUCT_BUNDLE_IDENTIFIER = "com.evergreenlabs.Trip-Simulator";
				PRODUCT_NAME = "$(TARGET_NAME)";
				SWIFT_VERSION = 5.0;
			};
			name = Release;
		};
		OBJ_3 /* Debug */ = {
			isa = XCBuildConfiguration;
			buildSettings = {
				CLANG_ENABLE_OBJC_ARC = YES;
				CLANG_WARN_BLOCK_CAPTURE_AUTORELEASING = YES;
				CLANG_WARN_BOOL_CONVERSION = YES;
				CLANG_WARN_COMMA = YES;
				CLANG_WARN_CONSTANT_CONVERSION = YES;
				CLANG_WARN_DEPRECATED_OBJC_IMPLEMENTATIONS = YES;
				CLANG_WARN_EMPTY_BODY = YES;
				CLANG_WARN_ENUM_CONVERSION = YES;
				CLANG_WARN_INFINITE_RECURSION = YES;
				CLANG_WARN_INT_CONVERSION = YES;
				CLANG_WARN_NON_LITERAL_NULL_CONVERSION = YES;
				CLANG_WARN_OBJC_IMPLICIT_RETAIN_SELF = YES;
				CLANG_WARN_OBJC_LITERAL_CONVERSION = YES;
				CLANG_WARN_QUOTED_INCLUDE_IN_FRAMEWORK_HEADER = YES;
				CLANG_WARN_RANGE_LOOP_ANALYSIS = YES;
				CLANG_WARN_STRICT_PROTOTYPES = YES;
				CLANG_WARN_SUSPICIOUS_MOVE = YES;
				CLANG_WARN_UNREACHABLE_CODE = YES;
				CLANG_WARN__DUPLICATE_METHOD_MATCH = YES;
				COMBINE_HIDPI_IMAGES = YES;
				COPY_PHASE_STRIP = NO;
				DEBUG_INFORMATION_FORMAT = dwarf;
				DYLIB_INSTALL_NAME_BASE = "@rpath";
				ENABLE_NS_ASSERTIONS = YES;
				ENABLE_STRICT_OBJC_MSGSEND = YES;
				ENABLE_TESTABILITY = YES;
				GCC_NO_COMMON_BLOCKS = YES;
				GCC_OPTIMIZATION_LEVEL = 0;
				GCC_PREPROCESSOR_DEFINITIONS = (
					"$(inherited)",
					"SWIFT_PACKAGE=1",
					"DEBUG=1",
				);
				GCC_WARN_64_TO_32_BIT_CONVERSION = YES;
				GCC_WARN_ABOUT_RETURN_TYPE = YES;
				GCC_WARN_UNDECLARED_SELECTOR = YES;
				GCC_WARN_UNINITIALIZED_AUTOS = YES;
				GCC_WARN_UNUSED_FUNCTION = YES;
				GCC_WARN_UNUSED_VARIABLE = YES;
				MACOSX_DEPLOYMENT_TARGET = 10.15;
				ONLY_ACTIVE_ARCH = YES;
				OTHER_SWIFT_FLAGS = "$(inherited) -DXcode";
				PRODUCT_NAME = "$(TARGET_NAME)";
				SDKROOT = macosx;
				SUPPORTED_PLATFORMS = "macosx iphoneos iphonesimulator appletvos appletvsimulator watchos watchsimulator";
				SWIFT_ACTIVE_COMPILATION_CONDITIONS = "$(inherited) SWIFT_PACKAGE DEBUG";
				SWIFT_OPTIMIZATION_LEVEL = "-Onone";
				USE_HEADERMAP = NO;
			};
			name = Debug;
		};
		OBJ_31 /* Debug */ = {
			isa = XCBuildConfiguration;
			baseConfigurationReference = OBJ_8 /* xcodeproj.xcconfig */;
			buildSettings = {
				CODE_SIGN_IDENTITY = "Apple Development";
				CODE_SIGN_STYLE = Automatic;
				DEVELOPMENT_TEAM = F6X27PB5BH;
				FRAMEWORK_SEARCH_PATHS = (
					"$(inherited)",
					"$(PLATFORM_DIR)/Developer/Library/Frameworks",
				);
				HEADER_SEARCH_PATHS = "$(inherited)";
				INFOPLIST_FILE = Project.xcodeproj/set_simulator_location_Info.plist;
				LD_RUNPATH_SEARCH_PATHS = (
					"$(inherited)",
					"$(TOOLCHAIN_DIR)/usr/lib/swift/macosx",
					"@executable_path",
				);
				OTHER_CFLAGS = "$(inherited)";
				OTHER_LDFLAGS = "$(inherited)";
				OTHER_SWIFT_FLAGS = "$(inherited)";
				PROVISIONING_PROFILE_SPECIFIER = "";
				SWIFT_ACTIVE_COMPILATION_CONDITIONS = "$(inherited)";
				SWIFT_FORCE_DYNAMIC_LINK_STDLIB = YES;
				SWIFT_FORCE_STATIC_LINK_STDLIB = NO;
				SWIFT_VERSION = 4.2;
				TARGET_NAME = "set-simulator-location";
			};
			name = Debug;
		};
		OBJ_32 /* Release */ = {
			isa = XCBuildConfiguration;
			baseConfigurationReference = OBJ_8 /* xcodeproj.xcconfig */;
			buildSettings = {
				CODE_SIGN_IDENTITY = "Apple Development";
				CODE_SIGN_STYLE = Automatic;
				DEVELOPMENT_TEAM = F6X27PB5BH;
				FRAMEWORK_SEARCH_PATHS = (
					"$(inherited)",
					"$(PLATFORM_DIR)/Developer/Library/Frameworks",
				);
				HEADER_SEARCH_PATHS = "$(inherited)";
				INFOPLIST_FILE = Project.xcodeproj/set_simulator_location_Info.plist;
				LD_RUNPATH_SEARCH_PATHS = (
					"$(inherited)",
					"$(TOOLCHAIN_DIR)/usr/lib/swift/macosx",
					"@executable_path",
				);
				OTHER_CFLAGS = "$(inherited)";
				OTHER_LDFLAGS = "$(inherited)";
				OTHER_SWIFT_FLAGS = "$(inherited)";
				PROVISIONING_PROFILE_SPECIFIER = "";
				SWIFT_ACTIVE_COMPILATION_CONDITIONS = "$(inherited)";
				SWIFT_FORCE_DYNAMIC_LINK_STDLIB = YES;
				SWIFT_FORCE_STATIC_LINK_STDLIB = NO;
				SWIFT_VERSION = 4.2;
				TARGET_NAME = "set-simulator-location";
			};
			name = Release;
		};
		OBJ_4 /* Release */ = {
			isa = XCBuildConfiguration;
			buildSettings = {
				CLANG_ENABLE_OBJC_ARC = YES;
				CLANG_WARN_BLOCK_CAPTURE_AUTORELEASING = YES;
				CLANG_WARN_BOOL_CONVERSION = YES;
				CLANG_WARN_COMMA = YES;
				CLANG_WARN_CONSTANT_CONVERSION = YES;
				CLANG_WARN_DEPRECATED_OBJC_IMPLEMENTATIONS = YES;
				CLANG_WARN_EMPTY_BODY = YES;
				CLANG_WARN_ENUM_CONVERSION = YES;
				CLANG_WARN_INFINITE_RECURSION = YES;
				CLANG_WARN_INT_CONVERSION = YES;
				CLANG_WARN_NON_LITERAL_NULL_CONVERSION = YES;
				CLANG_WARN_OBJC_IMPLICIT_RETAIN_SELF = YES;
				CLANG_WARN_OBJC_LITERAL_CONVERSION = YES;
				CLANG_WARN_QUOTED_INCLUDE_IN_FRAMEWORK_HEADER = YES;
				CLANG_WARN_RANGE_LOOP_ANALYSIS = YES;
				CLANG_WARN_STRICT_PROTOTYPES = YES;
				CLANG_WARN_SUSPICIOUS_MOVE = YES;
				CLANG_WARN_UNREACHABLE_CODE = YES;
				CLANG_WARN__DUPLICATE_METHOD_MATCH = YES;
				COMBINE_HIDPI_IMAGES = YES;
				COPY_PHASE_STRIP = YES;
				DEBUG_INFORMATION_FORMAT = "dwarf-with-dsym";
				DYLIB_INSTALL_NAME_BASE = "@rpath";
				ENABLE_STRICT_OBJC_MSGSEND = YES;
				GCC_NO_COMMON_BLOCKS = YES;
				GCC_OPTIMIZATION_LEVEL = s;
				GCC_PREPROCESSOR_DEFINITIONS = (
					"$(inherited)",
					"SWIFT_PACKAGE=1",
				);
				GCC_WARN_64_TO_32_BIT_CONVERSION = YES;
				GCC_WARN_ABOUT_RETURN_TYPE = YES;
				GCC_WARN_UNDECLARED_SELECTOR = YES;
				GCC_WARN_UNINITIALIZED_AUTOS = YES;
				GCC_WARN_UNUSED_FUNCTION = YES;
				GCC_WARN_UNUSED_VARIABLE = YES;
				MACOSX_DEPLOYMENT_TARGET = 10.15;
				OTHER_SWIFT_FLAGS = "$(inherited) -DXcode";
				PRODUCT_NAME = "$(TARGET_NAME)";
				SDKROOT = macosx;
				SUPPORTED_PLATFORMS = "macosx iphoneos iphonesimulator appletvos appletvsimulator watchos watchsimulator";
				SWIFT_ACTIVE_COMPILATION_CONDITIONS = "$(inherited) SWIFT_PACKAGE";
				SWIFT_COMPILATION_MODE = wholemodule;
				SWIFT_OPTIMIZATION_LEVEL = "-O";
				USE_HEADERMAP = NO;
			};
			name = Release;
		};
		OBJ_47 /* Debug */ = {
			isa = XCBuildConfiguration;
			buildSettings = {
				LD = /usr/bin/true;
				OTHER_SWIFT_FLAGS = "-swift-version 4.2 -I $(TOOLCHAIN_DIR)/usr/lib/swift/pm/4_2 -target x86_64-apple-macosx10.10 -sdk /Applications/Xcode.app/Contents/Developer/Platforms/MacOSX.platform/Developer/SDKs/MacOSX10.15.sdk -package-description-version 4.2.0";
				SWIFT_VERSION = 4.2;
			};
			name = Debug;
		};
		OBJ_48 /* Release */ = {
			isa = XCBuildConfiguration;
			buildSettings = {
				LD = /usr/bin/true;
				OTHER_SWIFT_FLAGS = "-swift-version 4.2 -I $(TOOLCHAIN_DIR)/usr/lib/swift/pm/4_2 -target x86_64-apple-macosx10.10 -sdk /Applications/Xcode.app/Contents/Developer/Platforms/MacOSX.platform/Developer/SDKs/MacOSX10.15.sdk -package-description-version 4.2.0";
				SWIFT_VERSION = 4.2;
			};
			name = Release;
		};
/* End XCBuildConfiguration section */

/* Begin XCConfigurationList section */
		BD0B9AB224CE17B300D0EF96 /* Build configuration list for PBXNativeTarget "Trip Simulator" */ = {
			isa = XCConfigurationList;
			buildConfigurations = (
				BD0B9AB024CE17B300D0EF96 /* Debug */,
				BD0B9AB124CE17B300D0EF96 /* Release */,
			);
			defaultConfigurationIsVisible = 0;
			defaultConfigurationName = Release;
		};
		OBJ_2 /* Build configuration list for PBXProject "Trip Simulator" */ = {
			isa = XCConfigurationList;
			buildConfigurations = (
				OBJ_3 /* Debug */,
				OBJ_4 /* Release */,
			);
			defaultConfigurationIsVisible = 0;
			defaultConfigurationName = Release;
		};
		OBJ_30 /* Build configuration list for PBXNativeTarget "set-simulator-location" */ = {
			isa = XCConfigurationList;
			buildConfigurations = (
				OBJ_31 /* Debug */,
				OBJ_32 /* Release */,
			);
			defaultConfigurationIsVisible = 0;
			defaultConfigurationName = Release;
		};
		OBJ_46 /* Build configuration list for PBXNativeTarget "set-simulator-locationPackageDescription" */ = {
			isa = XCConfigurationList;
			buildConfigurations = (
				OBJ_47 /* Debug */,
				OBJ_48 /* Release */,
			);
			defaultConfigurationIsVisible = 0;
			defaultConfigurationName = Release;
		};
/* End XCConfigurationList section */
	};
	rootObject = OBJ_1 /* Project object */;
}
